# Exact runtime pins — generated from the working venv (Python 3.11) via 'pip freeze'.
# Regenerate after dependency changes: .venv/bin/pip freeze | grep -v git-filter-repo > requirements.lock
# requirements.txt stays the human-readable loose spec; installs (Docker, CI) use this file.
about-time==4.2.1
alive-progress==3.3.0
annotated-doc==0.0.4
annotated-types==0.7.0
anyio==4.13.0
autograd==1.8.0
certifi==2026.5.20
cffi==2.0.0
click==8.4.1
cma==4.4.4
contourpy==1.3.3
cycler==0.12.1
Deprecated==1.3.1
fastapi==0.136.3
fonttools==4.63.0
graphemeu==0.7.2
h11==0.16.0
httpcore==1.0.9
httptools==0.8.0
httpx==0.28.1
idna==3.18
iniconfig==2.3.0
kiwisolver==1.5.0
limits==5.8.0
matplotlib==3.10.9
moocore==0.3.1
mpmath==1.3.0
numpy==1.26.4
orjson==3.11.9
packaging==26.2
pandas==3.0.3
pillow==12.2.0
platformdirs==4.10.0
pluggy==1.6.0
pycparser==3.0
pydantic==2.13.4
pydantic_core==2.46.4
Pygments==2.20.0
pymoo==0.6.1.6
pyparsing==3.3.2
pytest==9.0.3
python-dateutil==2.9.0.post0
python-dotenv==1.2.2
PyYAML==6.0.3
scipy==1.17.1
seaborn==0.13.2
six==1.17.0
slowapi==0.1.10
starlette==1.2.1
sympy==1.14.0
typing-inspection==0.4.2
typing_extensions==4.15.0
uvicorn==0.49.0
uvloop==0.22.1
watchfiles==1.2.0
websockets==16.0
wrapt==2.2.1
